
Microsoft Visual Studio Solution File, Format Version 12.00
# Visual Studio Version 17
VisualStudioVersion = 17.14.36705.20 d17.14
MinimumVisualStudioVersion = 10.0.40219.1
Project("{FAE04EC0-301F-11D3-BF4B-00C04F79EFBC}") = "Models", "Models\Models.csproj", "{4D88F1FB-8246-458A-8F49-8D5886D9DDE9}"
EndProject
Global
	GlobalSection(SolutionConfigurationPlatforms) = preSolution
		Debug|Any CPU = Debug|Any CPU
		Release|Any CPU = Release|Any CPU
	EndGlobalSection
	GlobalSection(ProjectConfigurationPlatforms) = postSolution
		{4D88F1FB-8246-458A-8F49-8D5886D9DDE9}.Debug|Any CPU.ActiveCfg = Debug|Any CPU
		{4D88F1FB-8246-458A-8F49-8D5886D9DDE9}.Debug|Any CPU.Build.0 = Debug|Any CPU
		{4D88F1FB-8246-458A-8F49-8D5886D9DDE9}.Release|Any CPU.ActiveCfg = Release|Any CPU
		{4D88F1FB-8246-458A-8F49-8D5886D9DDE9}.Release|Any CPU.Build.0 = Release|Any CPU
	EndGlobalSection
	GlobalSection(SolutionProperties) = preSolution
		HideSolutionNode = FALSE
	EndGlobalSection
	GlobalSection(ExtensibilityGlobals) = postSolution
		SolutionGuid = {D55B4952-0388-4FD4-9531-B49930371B52}
	EndGlobalSection
EndGlobal
